{
  "name": "binggan-desktop",
  "lockfileVersion": 3,
  "requires": true,
  "packages": {
    "": {
      "name": "binggan-desktop",
      "devDependencies": {
        "mygo-cli": "0.2.5"
      },
      "version": "2.0.0",
      "engines": {
        "node": ">=22.12.0"
      }
    },
    "node_modules/@egoist/mygo-cli-darwin-arm64": {
      "version": "0.2.5",
      "resolved": "https://registry.npmjs.org/@egoist/mygo-cli-darwin-arm64/-/mygo-cli-darwin-arm64-0.2.5.tgz",
      "integrity": "sha512-Sp9ycc1v2EBQiyOLu4at8v7a10Lu98N62J/U1Iha39ffEVquJwmMN3oUPGvwSWdta9mvTYJ5quk99HCN4nrqUA==",
      "cpu": [
        "arm64"
      ],
      "dev": true,
      "license": "MIT",
      "optional": true,
      "os": [
        "darwin"
      ]
    },
    "node_modules/@egoist/mygo-cli-darwin-x64": {
      "version": "0.2.5",
      "resolved": "https://registry.npmjs.org/@egoist/mygo-cli-darwin-x64/-/mygo-cli-darwin-x64-0.2.5.tgz",
      "integrity": "sha512-QJGvkqm6Yx6RcWKA5L/gcZ+wjGp38nkefiNJPLTZpPFzJRZm/iZGSYPV8vO7ACugy5y6jgZQuPOraCoAFwT3ZQ==",
      "cpu": [
        "x64"
      ],
      "dev": true,
      "license": "MIT",
      "optional": true,
      "os": [
        "darwin"
      ]
    },
    "node_modules/@egoist/mygo-cli-linux-arm64": {
      "version": "0.2.5",
      "resolved": "https://registry.npmjs.org/@egoist/mygo-cli-linux-arm64/-/mygo-cli-linux-arm64-0.2.5.tgz",
      "integrity": "sha512-ormb98mp6zNQhDEt6vtsww7GeYhmK0Ga1j+jRBvk8FOABS+RANu55H3zc7ZScrFOEL2VRmihH6t2dI6au6+jhg==",
      "cpu": [
        "arm64"
      ],
      "dev": true,
      "license": "MIT",
      "optional": true,
      "os": [
        "linux"
      ]
    },
    "node_modules/@egoist/mygo-cli-linux-x64": {
      "version": "0.2.5",
      "resolved": "https://registry.npmjs.org/@egoist/mygo-cli-linux-x64/-/mygo-cli-linux-x64-0.2.5.tgz",
      "integrity": "sha512-pEoa8rgfmNLchYQNhoAt1RXWYTa7lo1iTS8WOJ2wCBs+iUluQLepAzfGttrAh4z31ZhPmJqiCzTBNyiclOTgPA==",
      "cpu": [
        "x64"
      ],
      "dev": true,
      "license": "MIT",
      "optional": true,
      "os": [
        "linux"
      ]
    },
    "node_modules/@egoist/mygo-cli-win32-arm64": {
      "version": "0.2.5",
      "resolved": "https://registry.npmjs.org/@egoist/mygo-cli-win32-arm64/-/mygo-cli-win32-arm64-0.2.5.tgz",
      "integrity": "sha512-1X3Zr1IfvbgRVKZQT5BB4JWHUF79MwwujSAwmks1QH62Gz35w1zLv3/JGsV5YWTx8BhZXDRtxiqPyahEJkWkQQ==",
      "cpu": [
        "arm64"
      ],
      "dev": true,
      "license": "MIT",
      "optional": true,
      "os": [
        "win32"
      ]
    },
    "node_modules/@egoist/mygo-cli-win32-x64": {
      "version": "0.2.5",
      "resolved": "https://registry.npmjs.org/@egoist/mygo-cli-win32-x64/-/mygo-cli-win32-x64-0.2.5.tgz",
      "integrity": "sha512-GaoxSvdz+mALnxHxPDPJ4wwNIcxNIlQajmH9lR+7MPdqZRZiM6JKp53aMosVkw9D6JdJdbKcGQ+t5mv937RVGA==",
      "cpu": [
        "x64"
      ],
      "dev": true,
      "license": "MIT",
      "optional": true,
      "os": [
        "win32"
      ]
    },
    "node_modules/mygo-cli": {
      "version": "0.2.5",
      "resolved": "https://registry.npmjs.org/mygo-cli/-/mygo-cli-0.2.5.tgz",
      "integrity": "sha512-j+luIHh9pFHG+Zstct6cdSwVQi2lUtOZZ7JRZA9OphCsGuNYQ9IqNBgjVHYyHVtntsXnuK4bTmAV+bX8FjkXlg==",
      "dev": true,
      "license": "MIT",
      "bin": {
        "mygo": "bin/mygo.js"
      },
      "engines": {
        "node": ">=18"
      },
      "optionalDependencies": {
        "@egoist/mygo-cli-darwin-arm64": "0.2.5",
        "@egoist/mygo-cli-darwin-x64": "0.2.5",
        "@egoist/mygo-cli-linux-arm64": "0.2.5",
        "@egoist/mygo-cli-linux-x64": "0.2.5",
        "@egoist/mygo-cli-win32-arm64": "0.2.5",
        "@egoist/mygo-cli-win32-x64": "0.2.5"
      }
    }
  },
  "version": "2.0.0"
}
